
Microsoft Visual Studio Solution File, Format Version 12.00
# Visual Studio Version 16
VisualStudioVersion = 16.0.29806.167
MinimumVisualStudioVersion = 10.0.40219.1
Project("{FAE04EC0-301F-11D3-BF4B-00C04F79EFBC}") = "projeto-teste1", "projeto-teste1\projeto-teste1.csproj", "{27BE7D46-A591-4CA9-8421-962D8584823A}"
EndProject
Global
	GlobalSection(SolutionConfigurationPlatforms) = preSolution
		Debug|Any CPU = Debug|Any CPU
		Release|Any CPU = Release|Any CPU
	EndGlobalSection
	GlobalSection(ProjectConfigurationPlatforms) = postSolution
		{27BE7D46-A591-4CA9-8421-962D8584823A}.Debug|Any CPU.ActiveCfg = Debug|Any CPU
		{27BE7D46-A591-4CA9-8421-962D8584823A}.Debug|Any CPU.Build.0 = Debug|Any CPU
		{27BE7D46-A591-4CA9-8421-962D8584823A}.Release|Any CPU.ActiveCfg = Release|Any CPU
		{27BE7D46-A591-4CA9-8421-962D8584823A}.Release|Any CPU.Build.0 = Release|Any CPU
	EndGlobalSection
	GlobalSection(SolutionProperties) = preSolution
		HideSolutionNode = FALSE
	EndGlobalSection
	GlobalSection(ExtensibilityGlobals) = postSolution
		SolutionGuid = {8791357B-3E63-4F5A-82B5-0E6AA51BF903}
	EndGlobalSection
EndGlobal
